
Microsoft Visual Studio Solution File, Format Version 12.00
# Visual Studio Version 16
VisualStudioVersion = 16.0.32106.194
MinimumVisualStudioVersion = 10.0.40219.1
Project("{FAE04EC0-301F-11D3-BF4B-00C04F79EFBC}") = "Sprint3", "Sprint3.csproj", "{6AB9A4CC-BEFA-4F57-BC49-615A4EF97D17}"
EndProject
Global
	GlobalSection(SolutionConfigurationPlatforms) = preSolution
		Debug|Any CPU = Debug|Any CPU
		Release|Any CPU = Release|Any CPU
	EndGlobalSection
	GlobalSection(ProjectConfigurationPlatforms) = postSolution
		{6AB9A4CC-BEFA-4F57-BC49-615A4EF97D17}.Debug|Any CPU.ActiveCfg = Debug|Any CPU
		{6AB9A4CC-BEFA-4F57-BC49-615A4EF97D17}.Debug|Any CPU.Build.0 = Debug|Any CPU
		{6AB9A4CC-BEFA-4F57-BC49-615A4EF97D17}.Release|Any CPU.ActiveCfg = Release|Any CPU
		{6AB9A4CC-BEFA-4F57-BC49-615A4EF97D17}.Release|Any CPU.Build.0 = Release|Any CPU
	EndGlobalSection
	GlobalSection(SolutionProperties) = preSolution
		HideSolutionNode = FALSE
	EndGlobalSection
	GlobalSection(ExtensibilityGlobals) = postSolution
		SolutionGuid = {9CAE468C-6ECF-45D6-9412-A4C02070D8CF}
	EndGlobalSection
EndGlobal
